
Microsoft Visual Studio Solution File, Format Version 12.00
# Visual Studio 2012
Project("{FAE04EC0-301F-11D3-BF4B-00C04F79EFBC}") = "SexStore.Models", "SexStore.Models\SexStore.Models.csproj", "{F07BE725-3CEF-44B6-BF90-3AC649E37DAA}"
EndProject
Project("{FAE04EC0-301F-11D3-BF4B-00C04F79EFBC}") = "SQLServer.Data", "SQLServer.Data\SQLServer.Data.csproj", "{4037B777-A3BB-4CC7-8BCA-83F84B00FB4E}"
EndProject
Project("{FAE04EC0-301F-11D3-BF4B-00C04F79EFBC}") = "SexStore.Client", "SexStore.Client\SexStore.Client.csproj", "{541B0CD5-B396-427C-B0EF-2CEA7D116580}"
EndProject
Project("{FAE04EC0-301F-11D3-BF4B-00C04F79EFBC}") = "SQLiteServer.Data", "SQLiteServer.Data\SQLiteServer.Data.csproj", "{0A5DF521-B5E8-48BC-B408-620A8FDA7A2C}"
EndProject
Project("{FAE04EC0-301F-11D3-BF4B-00C04F79EFBC}") = "SexStore.MongoServer.Data", "SexStore.MongoServer.Data\SexStore.MongoServer.Data.csproj", "{75353BBE-6659-476D-A775-9FC885117987}"
EndProject
Project("{FAE04EC0-301F-11D3-BF4B-00C04F79EFBC}") = "SexStore.MongoServer.Models", "SexStore.MongoServer.Models\SexStore.MongoServer.Models.csproj", "{F9C23D88-9550-4508-970E-631CEEF443A4}"
EndProject
Project("{FAE04EC0-301F-11D3-BF4B-00C04F79EFBC}") = "MySQLServer", "MySQLServer\MySQLServer.csproj", "{C50145E6-A244-4F1F-B41F-90D1925B4A00}"
EndProject
Project("{FAE04EC0-301F-11D3-BF4B-00C04F79EFBC}") = "SexStore.Client.Readers", "SexStore.Client.Readers\SexStore.Client.Readers.csproj", "{D5B6B667-1E72-407C-AE74-AB1CECED56B7}"
EndProject
Global
	GlobalSection(SolutionConfigurationPlatforms) = preSolution
		Debug|Any CPU = Debug|Any CPU
		Release|Any CPU = Release|Any CPU
	EndGlobalSection
	GlobalSection(ProjectConfigurationPlatforms) = postSolution
		{F07BE725-3CEF-44B6-BF90-3AC649E37DAA}.Debug|Any CPU.ActiveCfg = Debug|Any CPU
		{F07BE725-3CEF-44B6-BF90-3AC649E37DAA}.Debug|Any CPU.Build.0 = Debug|Any CPU
		{F07BE725-3CEF-44B6-BF90-3AC649E37DAA}.Release|Any CPU.ActiveCfg = Release|Any CPU
		{F07BE725-3CEF-44B6-BF90-3AC649E37DAA}.Release|Any CPU.Build.0 = Release|Any CPU
		{4037B777-A3BB-4CC7-8BCA-83F84B00FB4E}.Debug|Any CPU.ActiveCfg = Debug|Any CPU
		{4037B777-A3BB-4CC7-8BCA-83F84B00FB4E}.Debug|Any CPU.Build.0 = Debug|Any CPU
		{4037B777-A3BB-4CC7-8BCA-83F84B00FB4E}.Release|Any CPU.ActiveCfg = Release|Any CPU
		{4037B777-A3BB-4CC7-8BCA-83F84B00FB4E}.Release|Any CPU.Build.0 = Release|Any CPU
		{541B0CD5-B396-427C-B0EF-2CEA7D116580}.Debug|Any CPU.ActiveCfg = Debug|Any CPU
		{541B0CD5-B396-427C-B0EF-2CEA7D116580}.Debug|Any CPU.Build.0 = Debug|Any CPU
		{541B0CD5-B396-427C-B0EF-2CEA7D116580}.Release|Any CPU.ActiveCfg = Release|Any CPU
		{541B0CD5-B396-427C-B0EF-2CEA7D116580}.Release|Any CPU.Build.0 = Release|Any CPU
		{0A5DF521-B5E8-48BC-B408-620A8FDA7A2C}.Debug|Any CPU.ActiveCfg = Debug|Any CPU
		{0A5DF521-B5E8-48BC-B408-620A8FDA7A2C}.Debug|Any CPU.Build.0 = Debug|Any CPU
		{0A5DF521-B5E8-48BC-B408-620A8FDA7A2C}.Release|Any CPU.ActiveCfg = Release|Any CPU
		{0A5DF521-B5E8-48BC-B408-620A8FDA7A2C}.Release|Any CPU.Build.0 = Release|Any CPU
		{75353BBE-6659-476D-A775-9FC885117987}.Debug|Any CPU.ActiveCfg = Debug|Any CPU
		{75353BBE-6659-476D-A775-9FC885117987}.Debug|Any CPU.Build.0 = Debug|Any CPU
		{75353BBE-6659-476D-A775-9FC885117987}.Release|Any CPU.ActiveCfg = Release|Any CPU
		{75353BBE-6659-476D-A775-9FC885117987}.Release|Any CPU.Build.0 = Release|Any CPU
		{F9C23D88-9550-4508-970E-631CEEF443A4}.Debug|Any CPU.ActiveCfg = Debug|Any CPU
		{F9C23D88-9550-4508-970E-631CEEF443A4}.Debug|Any CPU.Build.0 = Debug|Any CPU
		{F9C23D88-9550-4508-970E-631CEEF443A4}.Release|Any CPU.ActiveCfg = Release|Any CPU
		{F9C23D88-9550-4508-970E-631CEEF443A4}.Release|Any CPU.Build.0 = Release|Any CPU
		{C50145E6-A244-4F1F-B41F-90D1925B4A00}.Debug|Any CPU.ActiveCfg = Debug|Any CPU
		{C50145E6-A244-4F1F-B41F-90D1925B4A00}.Debug|Any CPU.Build.0 = Debug|Any CPU
		{C50145E6-A244-4F1F-B41F-90D1925B4A00}.Release|Any CPU.ActiveCfg = Release|Any CPU
		{C50145E6-A244-4F1F-B41F-90D1925B4A00}.Release|Any CPU.Build.0 = Release|Any CPU
		{D5B6B667-1E72-407C-AE74-AB1CECED56B7}.Debug|Any CPU.ActiveCfg = Debug|Any CPU
		{D5B6B667-1E72-407C-AE74-AB1CECED56B7}.Debug|Any CPU.Build.0 = Debug|Any CPU
		{D5B6B667-1E72-407C-AE74-AB1CECED56B7}.Release|Any CPU.ActiveCfg = Release|Any CPU
		{D5B6B667-1E72-407C-AE74-AB1CECED56B7}.Release|Any CPU.Build.0 = Release|Any CPU
	EndGlobalSection
	GlobalSection(SolutionProperties) = preSolution
		HideSolutionNode = FALSE
	EndGlobalSection
EndGlobal
