
Microsoft Visual Studio Solution File, Format Version 12.00
# Visual Studio 2013
VisualStudioVersion = 12.0.30501.0
MinimumVisualStudioVersion = 10.0.40219.1
Project("{FAE04EC0-301F-11D3-BF4B-00C04F79EFBC}") = "StudentsSystem.Model", "StudentsSystem.Model\StudentsSystem.Model.csproj", "{A81E9088-EE70-4A4E-943B-6FD80132198F}"
EndProject
Project("{FAE04EC0-301F-11D3-BF4B-00C04F79EFBC}") = "StudentsSystem.Data", "StudentsSystem.Data\StudentsSystem.Data.csproj", "{A928C558-296C-4023-918E-BDC647F9291C}"
EndProject
Project("{FAE04EC0-301F-11D3-BF4B-00C04F79EFBC}") = "StudentsSystem.Client", "StudentsSystem.Client\StudentsSystem.Client.csproj", "{CECE044D-29C7-4E3F-9903-12847257E1EC}"
EndProject
Global
	GlobalSection(SolutionConfigurationPlatforms) = preSolution
		Debug|Any CPU = Debug|Any CPU
		Release|Any CPU = Release|Any CPU
	EndGlobalSection
	GlobalSection(ProjectConfigurationPlatforms) = postSolution
		{A81E9088-EE70-4A4E-943B-6FD80132198F}.Debug|Any CPU.ActiveCfg = Debug|Any CPU
		{A81E9088-EE70-4A4E-943B-6FD80132198F}.Debug|Any CPU.Build.0 = Debug|Any CPU
		{A81E9088-EE70-4A4E-943B-6FD80132198F}.Release|Any CPU.ActiveCfg = Release|Any CPU
		{A81E9088-EE70-4A4E-943B-6FD80132198F}.Release|Any CPU.Build.0 = Release|Any CPU
		{A928C558-296C-4023-918E-BDC647F9291C}.Debug|Any CPU.ActiveCfg = Debug|Any CPU
		{A928C558-296C-4023-918E-BDC647F9291C}.Debug|Any CPU.Build.0 = Debug|Any CPU
		{A928C558-296C-4023-918E-BDC647F9291C}.Release|Any CPU.ActiveCfg = Release|Any CPU
		{A928C558-296C-4023-918E-BDC647F9291C}.Release|Any CPU.Build.0 = Release|Any CPU
		{CECE044D-29C7-4E3F-9903-12847257E1EC}.Debug|Any CPU.ActiveCfg = Debug|Any CPU
		{CECE044D-29C7-4E3F-9903-12847257E1EC}.Debug|Any CPU.Build.0 = Debug|Any CPU
		{CECE044D-29C7-4E3F-9903-12847257E1EC}.Release|Any CPU.ActiveCfg = Release|Any CPU
		{CECE044D-29C7-4E3F-9903-12847257E1EC}.Release|Any CPU.Build.0 = Release|Any CPU
	EndGlobalSection
	GlobalSection(SolutionProperties) = preSolution
		HideSolutionNode = FALSE
	EndGlobalSection
EndGlobal
